
Microsoft Visual Studio Solution File, Format Version 12.00
# Visual Studio 14
VisualStudioVersion = 14.0.24720.0
MinimumVisualStudioVersion = 10.0.40219.1
Project("{2150E333-8FDC-42A3-9474-1A3956D46DE8}") = "project", "project", "{40695638-2CA3-4A01-85A1-FE4CF2169BF5}"
EndProject
Project("{2150E333-8FDC-42A3-9474-1A3956D46DE8}") = "feature", "feature", "{74CD6839-1D22-4FBB-B3DF-E39C7902F2C3}"
EndProject
Project("{2150E333-8FDC-42A3-9474-1A3956D46DE8}") = "foundation", "foundation", "{87DB7DC2-1E93-4B6B-8426-F7AD9CC6DDD6}"
EndProject
Project("{FAE04EC0-301F-11D3-BF4B-00C04F79EFBC}") = "Beyond.Project.Website", "src\project\Website\code\Beyond.Project.Website.csproj", "{B06F05D9-CAC8-4DBD-9170-7DC7874929D2}"
EndProject
Project("{2150E333-8FDC-42A3-9474-1A3956D46DE8}") = "config", "config", "{92612162-3EC7-4529-8B34-EF1057A9B387}"
EndProject
Project("{FAE04EC0-301F-11D3-BF4B-00C04F79EFBC}") = "Beyond.foundation.SitecoreExtensions", "src\foundation\SitecoreExtensions\Beyond.foundation.SitecoreExtensions\Beyond.foundation.SitecoreExtensions.csproj", "{91C08408-E7B1-4AA5-B3B8-A7CC8B823A24}"
EndProject
Global
	GlobalSection(SolutionConfigurationPlatforms) = preSolution
		Debug|Any CPU = Debug|Any CPU
		Release|Any CPU = Release|Any CPU
	EndGlobalSection
	GlobalSection(ProjectConfigurationPlatforms) = postSolution
		{B06F05D9-CAC8-4DBD-9170-7DC7874929D2}.Debug|Any CPU.ActiveCfg = Debug|Any CPU
		{B06F05D9-CAC8-4DBD-9170-7DC7874929D2}.Debug|Any CPU.Build.0 = Debug|Any CPU
		{B06F05D9-CAC8-4DBD-9170-7DC7874929D2}.Release|Any CPU.ActiveCfg = Release|Any CPU
		{B06F05D9-CAC8-4DBD-9170-7DC7874929D2}.Release|Any CPU.Build.0 = Release|Any CPU
		{91C08408-E7B1-4AA5-B3B8-A7CC8B823A24}.Debug|Any CPU.ActiveCfg = Debug|Any CPU
		{91C08408-E7B1-4AA5-B3B8-A7CC8B823A24}.Debug|Any CPU.Build.0 = Debug|Any CPU
		{91C08408-E7B1-4AA5-B3B8-A7CC8B823A24}.Release|Any CPU.ActiveCfg = Release|Any CPU
		{91C08408-E7B1-4AA5-B3B8-A7CC8B823A24}.Release|Any CPU.Build.0 = Release|Any CPU
	EndGlobalSection
	GlobalSection(SolutionProperties) = preSolution
		HideSolutionNode = FALSE
	EndGlobalSection
	GlobalSection(NestedProjects) = preSolution
		{B06F05D9-CAC8-4DBD-9170-7DC7874929D2} = {40695638-2CA3-4A01-85A1-FE4CF2169BF5}
		{91C08408-E7B1-4AA5-B3B8-A7CC8B823A24} = {87DB7DC2-1E93-4B6B-8426-F7AD9CC6DDD6}
	EndGlobalSection
EndGlobal
